
Microsoft Visual Studio Solution File, Format Version 12.00
# Visual Studio Version 17
VisualStudioVersion = 17.2.32519.379
MinimumVisualStudioVersion = 10.0.40219.1
Project("{9A19103F-16F7-4668-BE54-9A1E7A4F7556}") = "EDA", "EDA\EDA.csproj", "{D16A062F-3D61-4B8B-92FF-D6EF4FFABA3C}"
EndProject
Project("{9A19103F-16F7-4668-BE54-9A1E7A4F7556}") = "EDA.Core", "EDA.Core\EDA.Core.csproj", "{D57AD217-9288-4720-988D-7B41C72F88B6}"
EndProject
Project("{9A19103F-16F7-4668-BE54-9A1E7A4F7556}") = "EmailService", "EmailService\EmailService.csproj", "{9E28FA49-D070-422D-829D-91176E717C79}"
EndProject
Project("{FAE04EC0-301F-11D3-BF4B-00C04F79EFBC}") = "EDA.EmailService.Test", "EDA.Test\EDA.EmailService.Test.csproj", "{18F3F3B6-54F4-42FE-9157-EB735DB61894}"
EndProject
Global
	GlobalSection(SolutionConfigurationPlatforms) = preSolution
		Debug|Any CPU = Debug|Any CPU
		Release|Any CPU = Release|Any CPU
	EndGlobalSection
	GlobalSection(ProjectConfigurationPlatforms) = postSolution
		{D16A062F-3D61-4B8B-92FF-D6EF4FFABA3C}.Debug|Any CPU.ActiveCfg = Debug|Any CPU
		{D16A062F-3D61-4B8B-92FF-D6EF4FFABA3C}.Debug|Any CPU.Build.0 = Debug|Any CPU
		{D16A062F-3D61-4B8B-92FF-D6EF4FFABA3C}.Release|Any CPU.ActiveCfg = Release|Any CPU
		{D16A062F-3D61-4B8B-92FF-D6EF4FFABA3C}.Release|Any CPU.Build.0 = Release|Any CPU
		{D57AD217-9288-4720-988D-7B41C72F88B6}.Debug|Any CPU.ActiveCfg = Debug|Any CPU
		{D57AD217-9288-4720-988D-7B41C72F88B6}.Debug|Any CPU.Build.0 = Debug|Any CPU
		{D57AD217-9288-4720-988D-7B41C72F88B6}.Release|Any CPU.ActiveCfg = Release|Any CPU
		{D57AD217-9288-4720-988D-7B41C72F88B6}.Release|Any CPU.Build.0 = Release|Any CPU
		{9E28FA49-D070-422D-829D-91176E717C79}.Debug|Any CPU.ActiveCfg = Debug|Any CPU
		{9E28FA49-D070-422D-829D-91176E717C79}.Debug|Any CPU.Build.0 = Debug|Any CPU
		{9E28FA49-D070-422D-829D-91176E717C79}.Release|Any CPU.ActiveCfg = Release|Any CPU
		{9E28FA49-D070-422D-829D-91176E717C79}.Release|Any CPU.Build.0 = Release|Any CPU
		{18F3F3B6-54F4-42FE-9157-EB735DB61894}.Debug|Any CPU.ActiveCfg = Debug|Any CPU
		{18F3F3B6-54F4-42FE-9157-EB735DB61894}.Debug|Any CPU.Build.0 = Debug|Any CPU
		{18F3F3B6-54F4-42FE-9157-EB735DB61894}.Release|Any CPU.ActiveCfg = Release|Any CPU
		{18F3F3B6-54F4-42FE-9157-EB735DB61894}.Release|Any CPU.Build.0 = Release|Any CPU
	EndGlobalSection
	GlobalSection(SolutionProperties) = preSolution
		HideSolutionNode = FALSE
	EndGlobalSection
	GlobalSection(ExtensibilityGlobals) = postSolution
		SolutionGuid = {123018F2-93AF-45E5-88E6-D2D2B9CE126B}
	EndGlobalSection
EndGlobal
